// !$*UTF8*$!
{
	archiveVersion = 1;
	classes = {
	};
	objectVersion = 46;
	objects = {

/* Begin PBXBuildFile section */
		3B1E8598193D25A90065FAA1 /* AppDelegate.swift in Sources */ = {isa = PBXBuildFile; fileRef = 3B1E8597193D25A90065FAA1 /* AppDelegate.swift */; };
		3B1E859A193D25A90065FAA1 /* Images.xcassets in Resources */ = {isa = PBXBuildFile; fileRef = 3B1E8599193D25A90065FAA1 /* Images.xcassets */; };
		3B1E85A6193D25A90065FAA1 /* SwiftSampleTests.swift in Sources */ = {isa = PBXBuildFile; fileRef = 3B1E85A5193D25A90065FAA1 /* SwiftSampleTests.swift */; };
		3B1E85B0193D25E90065FAA1 /* HomeViewController.swift in Sources */ = {isa = PBXBuildFile; fileRef = 3B1E85AF193D25E90065FAA1 /* HomeViewController.swift */; };
		3B1E85B3193D73140065FAA1 /* MapViewController.swift in Sources */ = {isa = PBXBuildFile; fileRef = 3B1E85B1193D73140065FAA1 /* MapViewController.swift */; };
		3B1E85B4193D73140065FAA1 /* MapViewController.xib in Resources */ = {isa = PBXBuildFile; fileRef = 3B1E85B2193D73140065FAA1 /* MapViewController.xib */; };
		3BA844D11940202F001F8C18 /* HomeViewController.xib in Resources */ = {isa = PBXBuildFile; fileRef = 3BA844D01940202F001F8C18 /* HomeViewController.xib */; };
/* End PBXBuildFile section */

/* Begin PBXContainerItemProxy section */
		3B1E85A0193D25A90065FAA1 /* PBXContainerItemProxy */ = {
			isa = PBXContainerItemProxy;
			containerPortal = 3B1E858A193D25A90065FAA1 /* Project object */;
			proxyType = 1;
			remoteGlobalIDString = 3B1E8591193D25A90065FAA1;
			remoteInfo = SwiftSample;
		};
/* End PBXContainerItemProxy section */

/* Begin PBXFileReference section */
		3B1E8592193D25A90065FAA1 /* SwiftSample.app */ = {isa = PBXFileReference; explicitFileType = wrapper.application; includeInIndex = 0; path = SwiftSample.app; sourceTree = BUILT_PRODUCTS_DIR; };
		3B1E8596193D25A90065FAA1 /* Info.plist */ = {isa = PBXFileReference; lastKnownFileType = text.plist.xml; path = Info.plist; sourceTree = "<group>"; };
		3B1E8597193D25A90065FAA1 /* AppDelegate.swift */ = {isa = PBXFileReference; lastKnownFileType = sourcecode.swift; path = AppDelegate.swift; sourceTree = "<group>"; };
		3B1E8599193D25A90065FAA1 /* Images.xcassets */ = {isa = PBXFileReference; lastKnownFileType = folder.assetcatalog; path = Images.xcassets; sourceTree = "<group>"; };
		3B1E859F193D25A90065FAA1 /* SwiftSampleTests.xctest */ = {isa = PBXFileReference; explicitFileType = wrapper.cfbundle; includeInIndex = 0; path = SwiftSampleTests.xctest; sourceTree = BUILT_PRODUCTS_DIR; };
		3B1E85A4193D25A90065FAA1 /* Info.plist */ = {isa = PBXFileReference; lastKnownFileType = text.plist.xml; path = Info.plist; sourceTree = "<group>"; };
		3B1E85A5193D25A90065FAA1 /* SwiftSampleTests.swift */ = {isa = PBXFileReference; lastKnownFileType = sourcecode.swift; path = SwiftSampleTests.swift; sourceTree = "<group>"; };
		3B1E85AF193D25E90065FAA1 /* HomeViewController.swift */ = {isa = PBXFileReference; fileEncoding = 4; lastKnownFileType = sourcecode.swift; name = HomeViewController.swift; path = viewcontrollers/HomeViewController.swift; sourceTree = "<group>"; };
		3B1E85B1193D73140065FAA1 /* MapViewController.swift */ = {isa = PBXFileReference; fileEncoding = 4; lastKnownFileType = sourcecode.swift; name = MapViewController.swift; path = viewcontrollers/MapViewController.swift; sourceTree = "<group>"; };
		3B1E85B2193D73140065FAA1 /* MapViewController.xib */ = {isa = PBXFileReference; fileEncoding = 4; lastKnownFileType = file.xib; name = MapViewController.xib; path = viewcontrollers/MapViewController.xib; sourceTree = "<group>"; };
		3BA844D01940202F001F8C18 /* HomeViewController.xib */ = {isa = PBXFileReference; fileEncoding = 4; lastKnownFileType = file.xib; path = HomeViewController.xib; sourceTree = "<group>"; };
/* End PBXFileReference section */

/* Begin PBXFrameworksBuildPhase section */
		3B1E858F193D25A90065FAA1 /* Frameworks */ = {
			isa = PBXFrameworksBuildPhase;
			buildActionMask = 2147483647;
			files = (
			);
			runOnlyForDeploymentPostprocessing = 0;
		};
		3B1E859C193D25A90065FAA1 /* Frameworks */ = {
			isa = PBXFrameworksBuildPhase;
			buildActionMask = 2147483647;
			files = (
			);
			runOnlyForDeploymentPostprocessing = 0;
		};
/* End PBXFrameworksBuildPhase section */

/* Begin PBXGroup section */
		3B1E8589193D25A90065FAA1 = {
			isa = PBXGroup;
			children = (
				3B1E8594193D25A90065FAA1 /* SwiftSample */,
				3B1E85A2193D25A90065FAA1 /* SwiftSampleTests */,
				3B1E8593193D25A90065FAA1 /* Products */,
			);
			sourceTree = "<group>";
		};
		3B1E8593193D25A90065FAA1 /* Products */ = {
			isa = PBXGroup;
			children = (
				3B1E8592193D25A90065FAA1 /* SwiftSample.app */,
				3B1E859F193D25A90065FAA1 /* SwiftSampleTests.xctest */,
			);
			name = Products;
			sourceTree = "<group>";
		};
		3B1E8594193D25A90065FAA1 /* SwiftSample */ = {
			isa = PBXGroup;
			children = (
				3B1E8597193D25A90065FAA1 /* AppDelegate.swift */,
				3B1E8599193D25A90065FAA1 /* Images.xcassets */,
				3B1E8595193D25A90065FAA1 /* Supporting Files */,
				3B1E85AF193D25E90065FAA1 /* HomeViewController.swift */,
				3B1E85B1193D73140065FAA1 /* MapViewController.swift */,
				3B1E85B2193D73140065FAA1 /* MapViewController.xib */,
				3BA844D01940202F001F8C18 /* HomeViewController.xib */,
			);
			path = SwiftSample;
			sourceTree = "<group>";
		};
		3B1E8595193D25A90065FAA1 /* Supporting Files */ = {
			isa = PBXGroup;
			children = (
				3B1E8596193D25A90065FAA1 /* Info.plist */,
			);
			name = "Supporting Files";
			sourceTree = "<group>";
		};
		3B1E85A2193D25A90065FAA1 /* SwiftSampleTests */ = {
			isa = PBXGroup;
			children = (
				3B1E85A5193D25A90065FAA1 /* SwiftSampleTests.swift */,
				3B1E85A3193D25A90065FAA1 /* Supporting Files */,
			);
			path = SwiftSampleTests;
			sourceTree = "<group>";
		};
		3B1E85A3193D25A90065FAA1 /* Supporting Files */ = {
			isa = PBXGroup;
			children = (
				3B1E85A4193D25A90065FAA1 /* Info.plist */,
			);
			name = "Supporting Files";
			sourceTree = "<group>";
		};
/* End PBXGroup section */

/* Begin PBXNativeTarget section */
		3B1E8591193D25A90065FAA1 /* SwiftSample */ = {
			isa = PBXNativeTarget;
			buildConfigurationList = 3B1E85A9193D25A90065FAA1 /* Build configuration list for PBXNativeTarget "SwiftSample" */;
			buildPhases = (
				3B1E858E193D25A90065FAA1 /* Sources */,
				3B1E858F193D25A90065FAA1 /* Frameworks */,
				3B1E8590193D25A90065FAA1 /* Resources */,
			);
			buildRules = (
			);
			dependencies = (
			);
			name = SwiftSample;
			productName = SwiftSample;
			productReference = 3B1E8592193D25A90065FAA1 /* SwiftSample.app */;
			productType = "com.apple.product-type.application";
		};
		3B1E859E193D25A90065FAA1 /* SwiftSampleTests */ = {
			isa = PBXNativeTarget;
			buildConfigurationList = 3B1E85AC193D25A90065FAA1 /* Build configuration list for PBXNativeTarget "SwiftSampleTests" */;
			buildPhases = (
				3B1E859B193D25A90065FAA1 /* Sources */,
				3B1E859C193D25A90065FAA1 /* Frameworks */,
				3B1E859D193D25A90065FAA1 /* Resources */,
			);
			buildRules = (
			);
			dependencies = (
				3B1E85A1193D25A90065FAA1 /* PBXTargetDependency */,
			);
			name = SwiftSampleTests;
			productName = SwiftSampleTests;
			productReference = 3B1E859F193D25A90065FAA1 /* SwiftSampleTests.xctest */;
			productType = "com.apple.product-type.bundle.unit-test";
		};
/* End PBXNativeTarget section */

/* Begin PBXProject section */
		3B1E858A193D25A90065FAA1 /* Project object */ = {
			isa = PBXProject;
			attributes = {
				LastUpgradeCheck = 0600;
				TargetAttributes = {
					3B1E8591193D25A90065FAA1 = {
						CreatedOnToolsVersion = 6.0;
					};
					3B1E859E193D25A90065FAA1 = {
						CreatedOnToolsVersion = 6.0;
						TestTargetID = 3B1E8591193D25A90065FAA1;
					};
				};
			};
			buildConfigurationList = 3B1E858D193D25A90065FAA1 /* Build configuration list for PBXProject "SwiftSample" */;
			compatibilityVersion = "Xcode 3.2";
			developmentRegion = English;
			hasScannedForEncodings = 0;
			knownRegions = (
				en,
			);
			mainGroup = 3B1E8589193D25A90065FAA1;
			productRefGroup = 3B1E8593193D25A90065FAA1 /* Products */;
			projectDirPath = "";
			projectRoot = "";
			targets = (
				3B1E8591193D25A90065FAA1 /* SwiftSample */,
				3B1E859E193D25A90065FAA1 /* SwiftSampleTests */,
			);
		};
/* End PBXProject section */

/* Begin PBXResourcesBuildPhase section */
		3B1E8590193D25A90065FAA1 /* Resources */ = {
			isa = PBXResourcesBuildPhase;
			buildActionMask = 2147483647;
			files = (
				3B1E859A193D25A90065FAA1 /* Images.xcassets in Resources */,
				3B1E85B4193D73140065FAA1 /* MapViewController.xib in Resources */,
				3BA844D11940202F001F8C18 /* HomeViewController.xib in Resources */,
			);
			runOnlyForDeploymentPostprocessing = 0;
		};
		3B1E859D193D25A90065FAA1 /* Resources */ = {
			isa = PBXResourcesBuildPhase;
			buildActionMask = 2147483647;
			files = (
			);
			runOnlyForDeploymentPostprocessing = 0;
		};
/* End PBXResourcesBuildPhase section */

/* Begin PBXSourcesBuildPhase section */
		3B1E858E193D25A90065FAA1 /* Sources */ = {
			isa = PBXSourcesBuildPhase;
			buildActionMask = 2147483647;
			files = (
				3B1E8598193D25A90065FAA1 /* AppDelegate.swift in Sources */,
				3B1E85B3193D73140065FAA1 /* MapViewController.swift in Sources */,
				3B1E85B0193D25E90065FAA1 /* HomeViewController.swift in Sources */,
			);
			runOnlyForDeploymentPostprocessing = 0;
		};
		3B1E859B193D25A90065FAA1 /* Sources */ = {
			isa = PBXSourcesBuildPhase;
			buildActionMask = 2147483647;
			files = (
				3B1E85A6193D25A90065FAA1 /* SwiftSampleTests.swift in Sources */,
			);
			runOnlyForDeploymentPostprocessing = 0;
		};
/* End PBXSourcesBuildPhase section */

/* Begin PBXTargetDependency section */
		3B1E85A1193D25A90065FAA1 /* PBXTargetDependency */ = {
			isa = PBXTargetDependency;
			target = 3B1E8591193D25A90065FAA1 /* SwiftSample */;
			targetProxy = 3B1E85A0193D25A90065FAA1 /* PBXContainerItemProxy */;
		};
/* End PBXTargetDependency section */

/* Begin XCBuildConfiguration section */
		3B1E85A7193D25A90065FAA1 /* Debug */ = {
			isa = XCBuildConfiguration;
			buildSettings = {
				ALWAYS_SEARCH_USER_PATHS = NO;
				CLANG_CXX_LANGUAGE_STANDARD = "gnu++0x";
				CLANG_CXX_LIBRARY = "libc++";
				CLANG_ENABLE_MODULES = YES;
				CLANG_ENABLE_OBJC_ARC = YES;
				CLANG_WARN_BOOL_CONVERSION = YES;
				CLANG_WARN_CONSTANT_CONVERSION = YES;
				CLANG_WARN_DIRECT_OBJC_ISA_USAGE = YES_ERROR;
				CLANG_WARN_EMPTY_BODY = YES;
				CLANG_WARN_ENUM_CONVERSION = YES;
				CLANG_WARN_INT_CONVERSION = YES;
				CLANG_WARN_OBJC_ROOT_CLASS = YES_ERROR;
				CLANG_WARN_UNREACHABLE_CODE = YES;
				CLANG_WARN__DUPLICATE_METHOD_MATCH = YES;
				"CODE_SIGN_IDENTITY[sdk=iphoneos*]" = "iPhone Developer";
				COPY_PHASE_STRIP = NO;
				ENABLE_STRICT_OBJC_MSGSEND = YES;
				GCC_C_LANGUAGE_STANDARD = gnu99;
				GCC_DYNAMIC_NO_PIC = NO;
				GCC_OPTIMIZATION_LEVEL = 0;
				GCC_PREPROCESSOR_DEFINITIONS = (
					"DEBUG=1",
					"$(inherited)",
				);
				GCC_SYMBOLS_PRIVATE_EXTERN = NO;
				GCC_WARN_64_TO_32_BIT_CONVERSION = YES;
				GCC_WARN_ABOUT_RETURN_TYPE = YES_ERROR;
				GCC_WARN_UNDECLARED_SELECTOR = YES;
				GCC_WARN_UNINITIALIZED_AUTOS = YES_AGGRESSIVE;
				GCC_WARN_UNUSED_FUNCTION = YES;
				GCC_WARN_UNUSED_VARIABLE = YES;
				IPHONEOS_DEPLOYMENT_TARGET = 8.0;
				METAL_ENABLE_DEBUG_INFO = YES;
				ONLY_ACTIVE_ARCH = YES;
				SDKROOT = iphoneos;
				SWIFT_OPTIMIZATION_LEVEL = "-Onone";
				TARGETED_DEVICE_FAMILY = "1,2";
			};
			name = Debug;
		};
		3B1E85A8193D25A90065FAA1 /* Release */ = {
			isa = XCBuildConfiguration;
			buildSettings = {
				ALWAYS_SEARCH_USER_PATHS = NO;
				CLANG_CXX_LANGUAGE_STANDARD = "gnu++0x";
				CLANG_CXX_LIBRARY = "libc++";
				CLANG_ENABLE_MODULES = YES;
				CLANG_ENABLE_OBJC_ARC = YES;
				CLANG_WARN_BOOL_CONVERSION = YES;
				CLANG_WARN_CONSTANT_CONVERSION = YES;
				CLANG_WARN_DIRECT_OBJC_ISA_USAGE = YES_ERROR;
				CLANG_WARN_EMPTY_BODY = YES;
				CLANG_WARN_ENUM_CONVERSION = YES;
				CLANG_WARN_INT_CONVERSION = YES;
				CLANG_WARN_OBJC_ROOT_CLASS = YES_ERROR;
				CLANG_WARN_UNREACHABLE_CODE = YES;
				CLANG_WARN__DUPLICATE_METHOD_MATCH = YES;
				"CODE_SIGN_IDENTITY[sdk=iphoneos*]" = "iPhone Developer";
				COPY_PHASE_STRIP = YES;
				ENABLE_NS_ASSERTIONS = NO;
				ENABLE_STRICT_OBJC_MSGSEND = YES;
				GCC_C_LANGUAGE_STANDARD = gnu99;
				GCC_WARN_64_TO_32_BIT_CONVERSION = YES;
				GCC_WARN_ABOUT_RETURN_TYPE = YES_ERROR;
				GCC_WARN_UNDECLARED_SELECTOR = YES;
				GCC_WARN_UNINITIALIZED_AUTOS = YES_AGGRESSIVE;
				GCC_WARN_UNUSED_FUNCTION = YES;
				GCC_WARN_UNUSED_VARIABLE = YES;
				IPHONEOS_DEPLOYMENT_TARGET = 8.0;
				METAL_ENABLE_DEBUG_INFO = NO;
				SDKROOT = iphoneos;
				TARGETED_DEVICE_FAMILY = "1,2";
				VALIDATE_PRODUCT = YES;
			};
			name = Release;
		};
		3B1E85AA193D25A90065FAA1 /* Debug */ = {
			isa = XCBuildConfiguration;
			buildSettings = {
				ASSETCATALOG_COMPILER_APPICON_NAME = AppIcon;
				ASSETCATALOG_COMPILER_LAUNCHIMAGE_NAME = LaunchImage;
				INFOPLIST_FILE = SwiftSample/Info.plist;
				LD_RUNPATH_SEARCH_PATHS = "$(inherited) @executable_path/Frameworks";
				PRODUCT_NAME = "$(TARGET_NAME)";
			};
			name = Debug;
		};
		3B1E85AB193D25A90065FAA1 /* Release */ = {
			isa = XCBuildConfiguration;
			buildSettings = {
				ASSETCATALOG_COMPILER_APPICON_NAME = AppIcon;
				ASSETCATALOG_COMPILER_LAUNCHIMAGE_NAME = LaunchImage;
				INFOPLIST_FILE = SwiftSample/Info.plist;
				LD_RUNPATH_SEARCH_PATHS = "$(inherited) @executable_path/Frameworks";
				PRODUCT_NAME = "$(TARGET_NAME)";
			};
			name = Release;
		};
		3B1E85AD193D25A90065FAA1 /* Debug */ = {
			isa = XCBuildConfiguration;
			buildSettings = {
				BUNDLE_LOADER = "$(BUILT_PRODUCTS_DIR)/SwiftSample.app/SwiftSample";
				FRAMEWORK_SEARCH_PATHS = (
					"$(SDKROOT)/Developer/Library/Frameworks",
					"$(inherited)",
				);
				GCC_PREPROCESSOR_DEFINITIONS = (
					"DEBUG=1",
					"$(inherited)",
				);
				INFOPLIST_FILE = SwiftSampleTests/Info.plist;
				LD_RUNPATH_SEARCH_PATHS = "$(inherited) @executable_path/Frameworks @loader_path/Frameworks";
				METAL_ENABLE_DEBUG_INFO = YES;
				PRODUCT_NAME = "$(TARGET_NAME)";
				TEST_HOST = "$(BUNDLE_LOADER)";
			};
			name = Debug;
		};
		3B1E85AE193D25A90065FAA1 /* Release */ = {
			isa = XCBuildConfiguration;
			buildSettings = {
				BUNDLE_LOADER = "$(BUILT_PRODUCTS_DIR)/SwiftSample.app/SwiftSample";
				FRAMEWORK_SEARCH_PATHS = (
					"$(SDKROOT)/Developer/Library/Frameworks",
					"$(inherited)",
				);
				INFOPLIST_FILE = SwiftSampleTests/Info.plist;
				LD_RUNPATH_SEARCH_PATHS = "$(inherited) @executable_path/Frameworks @loader_path/Frameworks";
				METAL_ENABLE_DEBUG_INFO = NO;
				PRODUCT_NAME = "$(TARGET_NAME)";
				TEST_HOST = "$(BUNDLE_LOADER)";
			};
			name = Release;
		};
/* End XCBuildConfiguration section */

/* Begin XCConfigurationList section */
		3B1E858D193D25A90065FAA1 /* Build configuration list for PBXProject "SwiftSample" */ = {
			isa = XCConfigurationList;
			buildConfigurations = (
				3B1E85A7193D25A90065FAA1 /* Debug */,
				3B1E85A8193D25A90065FAA1 /* Release */,
			);
			defaultConfigurationIsVisible = 0;
			defaultConfigurationName = Release;
		};
		3B1E85A9193D25A90065FAA1 /* Build configuration list for PBXNativeTarget "SwiftSample" */ = {
			isa = XCConfigurationList;
			buildConfigurations = (
				3B1E85AA193D25A90065FAA1 /* Debug */,
				3B1E85AB193D25A90065FAA1 /* Release */,
			);
			defaultConfigurationIsVisible = 0;
			defaultConfigurationName = Release;
		};
		3B1E85AC193D25A90065FAA1 /* Build configuration list for PBXNativeTarget "SwiftSampleTests" */ = {
			isa = XCConfigurationList;
			buildConfigurations = (
				3B1E85AD193D25A90065FAA1 /* Debug */,
				3B1E85AE193D25A90065FAA1 /* Release */,
			);
			defaultConfigurationIsVisible = 0;
			defaultConfigurationName = Release;
		};
/* End XCConfigurationList section */
	};
	rootObject = 3B1E858A193D25A90065FAA1 /* Project object */;
}
